[[package]]
name = "applescript"
version = "2021.2.9"
description = "run applescript"
category = "main"
optional = true
python-versions = "*"

[[package]]
name = "atomicwrites"
version = "1.4.0"
description = "Atomic file writes."
category = "dev"
optional = false
python-versions = ">=2.7, !=3.0.*, !=3.1.*, !=3.2.*, !=3.3.*"

[[package]]
name = "attrs"
version = "21.4.0"
description = "Classes Without Boilerplate"
category = "dev"
optional = false
python-versions = ">=2.7, !=3.0.*, !=3.1.*, !=3.2.*, !=3.3.*, !=3.4.*"

[package.extras]
dev = ["coverage[toml] (>=5.0.2)", "hypothesis", "pympler", "pytest (>=4.3.0)", "six", "mypy", "pytest-mypy-plugins", "zope.interface", "furo", "sphinx", "sphinx-notfound-page", "pre-commit", "cloudpickle"]
docs = ["furo", "sphinx", "zope.interface", "sphinx-notfound-page"]
tests = ["coverage[toml] (>=5.0.2)", "hypothesis", "pympler", "pytest (>=4.3.0)", "six", "mypy", "pytest-mypy-plugins", "zope.interface", "cloudpickle"]
tests_no_zope = ["coverage[toml] (>=5.0.2)", "hypothesis", "pympler", "pytest (>=4.3.0)", "six", "mypy", "pytest-mypy-plugins", "cloudpickle"]

[[package]]
name = "black"
version = "21.12b0"
description = "The uncompromising code formatter."
category = "dev"
optional = false
python-versions = ">=3.6.2"

[package.dependencies]
click = ">=7.1.2"
mypy-extensions = ">=0.4.3"
pathspec = ">=0.9.0,<1"
platformdirs = ">=2"
tomli = ">=0.2.6,<2.0.0"
typing-extensions = [
    {version = ">=3.10.0.0", markers = "python_version < \"3.10\""},
    {version = "!=3.10.0.1", markers = "python_version >= \"3.10\""},
]

[package.extras]
colorama = ["colorama (>=0.4.3)"]
d = ["aiohttp (>=3.7.4)"]
jupyter = ["ipython (>=7.8.0)", "tokenize-rt (>=3.2.0)"]
python2 = ["typed-ast (>=1.4.3)"]
uvloop = ["uvloop (>=0.15.2)"]

[[package]]
name = "click"
version = "8.0.4"
description = "Composable command line interface toolkit"
category = "dev"
optional = false
python-versions = ">=3.6"

[package.dependencies]
colorama = {version = "*", markers = "platform_system == \"Windows\""}

[[package]]
name = "colorama"
version = "0.4.4"
description = "Cross-platform colored terminal text."
category = "dev"
optional = false
python-versions = ">=2.7, !=3.0.*, !=3.1.*, !=3.2.*, !=3.3.*, !=3.4.*"

[[package]]
name = "coverage"
version = "6.3.2"
description = "Code coverage measurement for Python"
category = "dev"
optional = false
python-versions = ">=3.7"

[package.dependencies]
tomli = {version = "*", optional = true, markers = "extra == \"toml\""}

[package.extras]
toml = ["tomli"]

[[package]]
name = "iniconfig"
version = "1.1.1"
description = "iniconfig: brain-dead simple config-ini parsing"
category = "dev"
optional = false
python-versions = "*"

[[package]]
name = "isort"
version = "5.10.1"
description = "A Python utility / library to sort Python imports."
category = "dev"
optional = false
python-versions = ">=3.6.1,<4.0"

[package.extras]
pipfile_deprecated_finder = ["pipreqs", "requirementslib"]
requirements_deprecated_finder = ["pipreqs", "pip-api"]
colors = ["colorama (>=0.4.3,<0.5.0)"]
plugins = ["setuptools"]

[[package]]
name = "mss"
version = "6.1.0"
description = "An ultra fast cross-platform multiple screenshots module in pure python using ctypes."
category = "main"
optional = true
python-versions = ">=3.5"

[[package]]
name = "mypy-extensions"
version = "0.4.3"
description = "Experimental type system extensions for programs checked with the mypy typechecker."
category = "dev"
optional = false
python-versions = "*"

[[package]]
name = "numpy"
version = "1.22.3"
description = "NumPy is the fundamental package for array computing with Python."
category = "main"
optional = false
python-versions = ">=3.8"

[[package]]
name = "opencv-python"
version = "4.5.5.64"
description = "Wrapper package for OpenCV python bindings."
category = "main"
optional = false
python-versions = ">=3.6"

[package.dependencies]
numpy = [
    {version = ">=1.21.2", markers = "python_version >= \"3.10\" or python_version >= \"3.6\" and platform_system == \"Darwin\" and platform_machine == \"arm64\""},
    {version = ">=1.19.3", markers = "python_version >= \"3.6\" and platform_system == \"Linux\" and platform_machine == \"aarch64\" or python_version >= \"3.9\""},
    {version = ">=1.14.5", markers = "python_version >= \"3.7\""},
    {version = ">=1.17.3", markers = "python_version >= \"3.8\""},
]

[[package]]
name = "packaging"
version = "21.3"
description = "Core utilities for Python packages"
category = "dev"
optional = false
python-versions = ">=3.6"

[package.dependencies]
pyparsing = ">=2.0.2,<3.0.5 || >3.0.5"

[[package]]
name = "pathspec"
version = "0.9.0"
description = "Utility library for gitignore style pattern matching of file paths."
category = "dev"
optional = false
python-versions = "!=3.0.*,!=3.1.*,!=3.2.*,!=3.3.*,!=3.4.*,>=2.7"

[[package]]
name = "platformdirs"
version = "2.5.1"
description = "A small Python module for determining appropriate platform-specific dirs, e.g. a \"user data dir\"."
category = "dev"
optional = false
python-versions = ">=3.7"

[package.extras]
docs = ["Sphinx (>=4)", "furo (>=2021.7.5b38)", "proselint (>=0.10.2)", "sphinx-autodoc-typehints (>=1.12)"]
test = ["appdirs (==1.4.4)", "pytest (>=6)", "pytest-cov (>=2.7)", "pytest-mock (>=3.6)"]

[[package]]
name = "pluggy"
version = "1.0.0"
description = "plugin and hook calling mechanisms for python"
category = "dev"
optional = false
python-versions = ">=3.6"

[package.extras]
dev = ["pre-commit", "tox"]
testing = ["pytest", "pytest-benchmark"]

[[package]]
name = "progressbar"
version = "2.5"
description = "Text progress bar library for Python."
category = "main"
optional = false
python-versions = "*"

[[package]]
name = "py"
version = "1.11.0"
description = "library with cross-python path, ini-parsing, io, code, log facilities"
category = "dev"
optional = false
python-versions = ">=2.7, !=3.0.*, !=3.1.*, !=3.2.*, !=3.3.*, !=3.4.*"

[[package]]
name = "pyobjc-core"
version = "8.4"
description = "Python<->ObjC Interoperability Module"
category = "main"
optional = true
python-versions = ">=3.6"

[[package]]
name = "pyobjc-framework-cocoa"
version = "8.4"
description = "Wrappers for the Cocoa frameworks on macOS"
category = "main"
optional = true
python-versions = ">=3.6"

[package.dependencies]
pyobjc-core = ">=8.4"

[[package]]
name = "pyobjc-framework-quartz"
version = "8.4"
description = "Wrappers for the Quartz frameworks on macOS"
category = "main"
optional = true
python-versions = ">=3.6"

[package.dependencies]
pyobjc-core = ">=8.4"
pyobjc-framework-Cocoa = ">=8.4"

[[package]]
name = "pyparsing"
version = "3.0.7"
description = "Python parsing module"
category = "dev"
optional = false
python-versions = ">=3.6"

[package.extras]
diagrams = ["jinja2", "railroad-diagrams"]

[[package]]
name = "pytest"
version = "6.2.5"
description = "pytest: simple powerful testing with Python"
category = "dev"
optional = false
python-versions = ">=3.6"

[package.dependencies]
atomicwrites = {version = ">=1.0", markers = "sys_platform == \"win32\""}
attrs = ">=19.2.0"
colorama = {version = "*", markers = "sys_platform == \"win32\""}
iniconfig = "*"
packaging = "*"
pluggy = ">=0.12,<2.0"
py = ">=1.8.2"
toml = "*"

[package.extras]
testing = ["argcomplete", "hypothesis (>=3.56)", "mock", "nose", "requests", "xmlschema"]

[[package]]
name = "pytest-cov"
version = "3.0.0"
description = "Pytest plugin for measuring coverage."
category = "dev"
optional = false
python-versions = ">=3.6"

[package.dependencies]
coverage = {version = ">=5.2.1", extras = ["toml"]}
pytest = ">=4.6"

[package.extras]
testing = ["fields", "hunter", "process-tests", "six", "pytest-xdist", "virtualenv"]

[[package]]
name = "toml"
version = "0.10.2"
description = "Python Library for Tom's Obvious, Minimal Language"
category = "dev"
optional = false
python-versions = ">=2.6, !=3.0.*, !=3.1.*, !=3.2.*"

[[package]]
name = "tomli"
version = "1.2.3"
description = "A lil' TOML parser"
category = "dev"
optional = false
python-versions = ">=3.6"

[[package]]
name = "typing-extensions"
version = "4.1.1"
description = "Backported and Experimental Type Hints for Python 3.6+"
category = "dev"
optional = false
python-versions = ">=3.6"

[extras]
macOS = ["pyobjc-framework-Quartz", "mss", "applescript"]

[metadata]
lock-version = "1.1"
python-versions = ">=3.9,<3.11"
content-hash = "7264856803d3e69c1a1ef80b2fc93844b2b910942e4b8584e3693612e87cfb9a"

[metadata.files]
applescript = [
    {file = "applescript-2021.2.9.tar.gz", hash = "sha256:e39542c0411d82c3c860af23f5a54c121279a409e5cf55acfa7f881ea9798854"},
]
atomicwrites = [
    {file = "atomicwrites-1.4.0-py2.py3-none-any.whl", hash = "sha256:6d1784dea7c0c8d4a5172b6c620f40b6e4cbfdf96d783691f2e1302a7b88e197"},
    {file = "atomicwrites-1.4.0.tar.gz", hash = "sha256:ae70396ad1a434f9c7046fd2dd196fc04b12f9e91ffb859164193be8b6168a7a"},
]
attrs = [
    {file = "attrs-21.4.0-py2.py3-none-any.whl", hash = "sha256:2d27e3784d7a565d36ab851fe94887c5eccd6a463168875832a1be79c82828b4"},
    {file = "attrs-21.4.0.tar.gz", hash = "sha256:626ba8234211db98e869df76230a137c4c40a12d72445c45d5f5b716f076e2fd"},
]
black = [
    {file = "black-21.12b0-py3-none-any.whl", hash = "sha256:a615e69ae185e08fdd73e4715e260e2479c861b5740057fde6e8b4e3b7dd589f"},
    {file = "black-21.12b0.tar.gz", hash = "sha256:77b80f693a569e2e527958459634f18df9b0ba2625ba4e0c2d5da5be42e6f2b3"},
]
click = [
    {file = "click-8.0.4-py3-none-any.whl", hash = "sha256:6a7a62563bbfabfda3a38f3023a1db4a35978c0abd76f6c9605ecd6554d6d9b1"},
    {file = "click-8.0.4.tar.gz", hash = "sha256:8458d7b1287c5fb128c90e23381cf99dcde74beaf6c7ff6384ce84d6fe090adb"},
]
colorama = [
    {file = "colorama-0.4.4-py2.py3-none-any.whl", hash = "sha256:9f47eda37229f68eee03b24b9748937c7dc3868f906e8ba69fbcbdd3bc5dc3e2"},
    {file = "colorama-0.4.4.tar.gz", hash = "sha256:5941b2b48a20143d2267e95b1c2a7603ce057ee39fd88e7329b0c292aa16869b"},
]
coverage = [
    {file = "coverage-6.3.2-cp310-cp310-macosx_10_9_x86_64.whl", hash = "sha256:9b27d894748475fa858f9597c0ee1d4829f44683f3813633aaf94b19cb5453cf"},
    {file = "coverage-6.3.2-cp310-cp310-macosx_11_0_arm64.whl", hash = "sha256:37d1141ad6b2466a7b53a22e08fe76994c2d35a5b6b469590424a9953155afac"},
    {file = "coverage-6.3.2-cp310-cp310-manylinux_2_17_aarch64.manylinux2014_aarch64.whl", hash = "sha256:f9987b0354b06d4df0f4d3e0ec1ae76d7ce7cbca9a2f98c25041eb79eec766f1"},
    {file = "coverage-6.3.2-cp310-cp310-manylinux_2_5_i686.manylinux1_i686.manylinux_2_17_i686.manylinux2014_i686.whl", hash = "sha256:26e2deacd414fc2f97dd9f7676ee3eaecd299ca751412d89f40bc01557a6b1b4"},
    {file = "coverage-6.3.2-cp310-cp310-manylinux_2_5_x86_64.manylinux1_x86_64.manylinux_2_17_x86_64.manylinux2014_x86_64.whl", hash = "sha256:4dd8bafa458b5c7d061540f1ee9f18025a68e2d8471b3e858a9dad47c8d41903"},
    {file = "coverage-6.3.2-cp310-cp310-musllinux_1_1_aarch64.whl", hash = "sha256:46191097ebc381fbf89bdce207a6c107ac4ec0890d8d20f3360345ff5976155c"},
    {file = "coverage-6.3.2-cp310-cp310-musllinux_1_1_i686.whl", hash = "sha256:6f89d05e028d274ce4fa1a86887b071ae1755082ef94a6740238cd7a8178804f"},
    {file = "coverage-6.3.2-cp310-cp310-musllinux_1_1_x86_64.whl", hash = "sha256:58303469e9a272b4abdb9e302a780072c0633cdcc0165db7eec0f9e32f901e05"},
    {file = "coverage-6.3.2-cp310-cp310-win32.whl", hash = "sha256:2fea046bfb455510e05be95e879f0e768d45c10c11509e20e06d8fcaa31d9e39"},
    {file = "coverage-6.3.2-cp310-cp310-win_amd64.whl", hash = "sha256:a2a8b8bcc399edb4347a5ca8b9b87e7524c0967b335fbb08a83c8421489ddee1"},
    {file = "coverage-6.3.2-cp37-cp37m-macosx_10_9_x86_64.whl", hash = "sha256:f1555ea6d6da108e1999b2463ea1003fe03f29213e459145e70edbaf3e004aaa"},
    {file = "coverage-6.3.2-cp37-cp37m-manylinux_2_17_aarch64.manylinux2014_aarch64.whl", hash = "sha256:e5f4e1edcf57ce94e5475fe09e5afa3e3145081318e5fd1a43a6b4539a97e518"},
    {file = "coverage-6.3.2-cp37-cp37m-manylinux_2_5_i686.manylinux1_i686.manylinux_2_17_i686.manylinux2014_i686.whl", hash = "sha256:7a15dc0a14008f1da3d1ebd44bdda3e357dbabdf5a0b5034d38fcde0b5c234b7"},
    {file = "coverage-6.3.2-cp37-cp37m-manylinux_2_5_x86_64.manylinux1_x86_64.manylinux_2_17_x86_64.manylinux2014_x86_64.whl", hash = "sha256:21b7745788866028adeb1e0eca3bf1101109e2dc58456cb49d2d9b99a8c516e6"},
    {file = "coverage-6.3.2-cp37-cp37m-musllinux_1_1_aarch64.whl", hash = "sha256:8ce257cac556cb03be4a248d92ed36904a59a4a5ff55a994e92214cde15c5bad"},
    {file = "coverage-6.3.2-cp37-cp37m-musllinux_1_1_i686.whl", hash = "sha256:b0be84e5a6209858a1d3e8d1806c46214e867ce1b0fd32e4ea03f4bd8b2e3359"},
    {file = "coverage-6.3.2-cp37-cp37m-musllinux_1_1_x86_64.whl", hash = "sha256:acf53bc2cf7282ab9b8ba346746afe703474004d9e566ad164c91a7a59f188a4"},
    {file = "coverage-6.3.2-cp37-cp37m-win32.whl", hash = "sha256:8bdde1177f2311ee552f47ae6e5aa7750c0e3291ca6b75f71f7ffe1f1dab3dca"},
    {file = "coverage-6.3.2-cp37-cp37m-win_amd64.whl", hash = "sha256:b31651d018b23ec463e95cf10070d0b2c548aa950a03d0b559eaa11c7e5a6fa3"},
    {file = "coverage-6.3.2-cp38-cp38-macosx_10_9_x86_64.whl", hash = "sha256:07e6db90cd9686c767dcc593dff16c8c09f9814f5e9c51034066cad3373b914d"},
    {file = "coverage-6.3.2-cp38-cp38-macosx_11_0_arm64.whl", hash = "sha256:2c6dbb42f3ad25760010c45191e9757e7dce981cbfb90e42feef301d71540059"},
    {file = "coverage-6.3.2-cp38-cp38-manylinux_2_17_aarch64.manylinux2014_aarch64.whl", hash = "sha256:c76aeef1b95aff3905fb2ae2d96e319caca5b76fa41d3470b19d4e4a3a313512"},
    {file = "coverage-6.3.2-cp38-cp38-manylinux_2_5_i686.manylinux1_i686.manylinux_2_17_i686.manylinux2014_i686.whl", hash = "sha256:8cf5cfcb1521dc3255d845d9dca3ff204b3229401994ef8d1984b32746bb45ca"},
    {file = "coverage-6.3.2-cp38-cp38-manylinux_2_5_x86_64.manylinux1_x86_64.manylinux_2_17_x86_64.manylinux2014_x86_64.whl", hash = "sha256:8fbbdc8d55990eac1b0919ca69eb5a988a802b854488c34b8f37f3e2025fa90d"},
    {file = "coverage-6.3.2-cp38-cp38-musllinux_1_1_aarch64.whl", hash = "sha256:ec6bc7fe73a938933d4178c9b23c4e0568e43e220aef9472c4f6044bfc6dd0f0"},
    {file = "coverage-6.3.2-cp38-cp38-musllinux_1_1_i686.whl", hash = "sha256:9baff2a45ae1f17c8078452e9e5962e518eab705e50a0aa8083733ea7d45f3a6"},
    {file = "coverage-6.3.2-cp38-cp38-musllinux_1_1_x86_64.whl", hash = "sha256:fd9e830e9d8d89b20ab1e5af09b32d33e1a08ef4c4e14411e559556fd788e6b2"},
    {file = "coverage-6.3.2-cp38-cp38-win32.whl", hash = "sha256:f7331dbf301b7289013175087636bbaf5b2405e57259dd2c42fdcc9fcc47325e"},
    {file = "coverage-6.3.2-cp38-cp38-win_amd64.whl", hash = "sha256:68353fe7cdf91f109fc7d474461b46e7f1f14e533e911a2a2cbb8b0fc8613cf1"},
    {file = "coverage-6.3.2-cp39-cp39-macosx_10_9_x86_64.whl", hash = "sha256:b78e5afb39941572209f71866aa0b206c12f0109835aa0d601e41552f9b3e620"},
    {file = "coverage-6.3.2-cp39-cp39-macosx_11_0_arm64.whl", hash = "sha256:4e21876082ed887baed0146fe222f861b5815455ada3b33b890f4105d806128d"},
    {file = "coverage-6.3.2-cp39-cp39-manylinux_2_17_aarch64.manylinux2014_aarch64.whl", hash = "sha256:34626a7eee2a3da12af0507780bb51eb52dca0e1751fd1471d0810539cefb536"},
    {file = "coverage-6.3.2-cp39-cp39-manylinux_2_5_i686.manylinux1_i686.manylinux_2_17_i686.manylinux2014_i686.whl", hash = "sha256:1ebf730d2381158ecf3dfd4453fbca0613e16eaa547b4170e2450c9707665ce7"},
    {file = "coverage-6.3.2-cp39-cp39-manylinux_2_5_x86_64.manylinux1_x86_64.manylinux_2_17_x86_64.manylinux2014_x86_64.whl", hash = "sha256:dd6fe30bd519694b356cbfcaca9bd5c1737cddd20778c6a581ae20dc8c04def2"},
    {file = "coverage-6.3.2-cp39-cp39-musllinux_1_1_aarch64.whl", hash = "sha256:96f8a1cb43ca1422f36492bebe63312d396491a9165ed3b9231e778d43a7fca4"},
    {file = "coverage-6.3.2-cp39-cp39-musllinux_1_1_i686.whl", hash = "sha256:dd035edafefee4d573140a76fdc785dc38829fe5a455c4bb12bac8c20cfc3d69"},
    {file = "coverage-6.3.2-cp39-cp39-musllinux_1_1_x86_64.whl", hash = "sha256:5ca5aeb4344b30d0bec47481536b8ba1181d50dbe783b0e4ad03c95dc1296684"},
    {file = "coverage-6.3.2-cp39-cp39-win32.whl", hash = "sha256:f5fa5803f47e095d7ad8443d28b01d48c0359484fec1b9d8606d0e3282084bc4"},
    {file = "coverage-6.3.2-cp39-cp39-win_amd64.whl", hash = "sha256:9548f10d8be799551eb3a9c74bbf2b4934ddb330e08a73320123c07f95cc2d92"},
    {file = "coverage-6.3.2-pp36.pp37.pp38-none-any.whl", hash = "sha256:18d520c6860515a771708937d2f78f63cc47ab3b80cb78e86573b0a760161faf"},
    {file = "coverage-6.3.2.tar.gz", hash = "sha256:03e2a7826086b91ef345ff18742ee9fc47a6839ccd517061ef8fa1976e652ce9"},
]
iniconfig = [
    {file = "iniconfig-1.1.1-py2.py3-none-any.whl", hash = "sha256:011e24c64b7f47f6ebd835bb12a743f2fbe9a26d4cecaa7f53bc4f35ee9da8b3"},
    {file = "iniconfig-1.1.1.tar.gz", hash = "sha256:bc3af051d7d14b2ee5ef9969666def0cd1a000e121eaea580d4a313df4b37f32"},
]
isort = [
    {file = "isort-5.10.1-py3-none-any.whl", hash = "sha256:6f62d78e2f89b4500b080fe3a81690850cd254227f27f75c3a0c491a1f351ba7"},
    {file = "isort-5.10.1.tar.gz", hash = "sha256:e8443a5e7a020e9d7f97f1d7d9cd17c88bcb3bc7e218bf9cf5095fe550be2951"},
]
mss = [
    {file = "mss-6.1.0-py3-none-any.whl", hash = "sha256:2722c5c9211ce29b4f1497fc2c70faecf9cdcb7653fa7f0f88e2231a31949b93"},
    {file = "mss-6.1.0.tar.gz", hash = "sha256:aebd069f3e05667fe9c7b9fa4b1771fe42a4710ce1058ce0236936ce06fa5394"},
]
mypy-extensions = [
    {file = "mypy_extensions-0.4.3-py2.py3-none-any.whl", hash = "sha256:090fedd75945a69ae91ce1303b5824f428daf5a028d2f6ab8a299250a846f15d"},
    {file = "mypy_extensions-0.4.3.tar.gz", hash = "sha256:2d82818f5bb3e369420cb3c4060a7970edba416647068eb4c5343488a6c604a8"},
]
numpy = [
    {file = "numpy-1.22.3-cp310-cp310-macosx_10_14_x86_64.whl", hash = "sha256:92bfa69cfbdf7dfc3040978ad09a48091143cffb778ec3b03fa170c494118d75"},
    {file = "numpy-1.22.3-cp310-cp310-macosx_11_0_arm64.whl", hash = "sha256:8251ed96f38b47b4295b1ae51631de7ffa8260b5b087808ef09a39a9d66c97ab"},
    {file = "numpy-1.22.3-cp310-cp310-manylinux_2_17_aarch64.manylinux2014_aarch64.whl", hash = "sha256:48a3aecd3b997bf452a2dedb11f4e79bc5bfd21a1d4cc760e703c31d57c84b3e"},
    {file = "numpy-1.22.3-cp310-cp310-manylinux_2_17_x86_64.manylinux2014_x86_64.whl", hash = "sha256:a3bae1a2ed00e90b3ba5f7bd0a7c7999b55d609e0c54ceb2b076a25e345fa9f4"},
    {file = "numpy-1.22.3-cp310-cp310-win32.whl", hash = "sha256:f950f8845b480cffe522913d35567e29dd381b0dc7e4ce6a4a9f9156417d2430"},
    {file = "numpy-1.22.3-cp310-cp310-win_amd64.whl", hash = "sha256:08d9b008d0156c70dc392bb3ab3abb6e7a711383c3247b410b39962263576cd4"},
    {file = "numpy-1.22.3-cp38-cp38-macosx_10_14_x86_64.whl", hash = "sha256:201b4d0552831f7250a08d3b38de0d989d6f6e4658b709a02a73c524ccc6ffce"},
    {file = "numpy-1.22.3-cp38-cp38-macosx_11_0_arm64.whl", hash = "sha256:f8c1f39caad2c896bc0018f699882b345b2a63708008be29b1f355ebf6f933fe"},
    {file = "numpy-1.22.3-cp38-cp38-manylinux_2_17_aarch64.manylinux2014_aarch64.whl", hash = "sha256:568dfd16224abddafb1cbcce2ff14f522abe037268514dd7e42c6776a1c3f8e5"},
    {file = "numpy-1.22.3-cp38-cp38-manylinux_2_17_x86_64.manylinux2014_x86_64.whl", hash = "sha256:3ca688e1b9b95d80250bca34b11a05e389b1420d00e87a0d12dc45f131f704a1"},
    {file = "numpy-1.22.3-cp38-cp38-win32.whl", hash = "sha256:e7927a589df200c5e23c57970bafbd0cd322459aa7b1ff73b7c2e84d6e3eae62"},
    {file = "numpy-1.22.3-cp38-cp38-win_amd64.whl", hash = "sha256:07a8c89a04997625236c5ecb7afe35a02af3896c8aa01890a849913a2309c676"},
    {file = "numpy-1.22.3-cp39-cp39-macosx_10_14_x86_64.whl", hash = "sha256:2c10a93606e0b4b95c9b04b77dc349b398fdfbda382d2a39ba5a822f669a0123"},
    {file = "numpy-1.22.3-cp39-cp39-macosx_11_0_arm64.whl", hash = "sha256:fade0d4f4d292b6f39951b6836d7a3c7ef5b2347f3c420cd9820a1d90d794802"},
    {file = "numpy-1.22.3-cp39-cp39-manylinux_2_17_aarch64.manylinux2014_aarch64.whl", hash = "sha256:5bfb1bb598e8229c2d5d48db1860bcf4311337864ea3efdbe1171fb0c5da515d"},
    {file = "numpy-1.22.3-cp39-cp39-manylinux_2_17_x86_64.manylinux2014_x86_64.whl", hash = "sha256:97098b95aa4e418529099c26558eeb8486e66bd1e53a6b606d684d0c3616b168"},
    {file = "numpy-1.22.3-cp39-cp39-win32.whl", hash = "sha256:fdf3c08bce27132395d3c3ba1503cac12e17282358cb4bddc25cc46b0aca07aa"},
    {file = "numpy-1.22.3-cp39-cp39-win_amd64.whl", hash = "sha256:639b54cdf6aa4f82fe37ebf70401bbb74b8508fddcf4797f9fe59615b8c5813a"},
    {file = "numpy-1.22.3-pp38-pypy38_pp73-manylinux_2_17_x86_64.manylinux2014_x86_64.whl", hash = "sha256:c34ea7e9d13a70bf2ab64a2532fe149a9aced424cd05a2c4ba662fd989e3e45f"},
    {file = "numpy-1.22.3.zip", hash = "sha256:dbc7601a3b7472d559dc7b933b18b4b66f9aa7452c120e87dfb33d02008c8a18"},
]
opencv-python = [
    {file = "opencv-python-4.5.5.64.tar.gz", hash = "sha256:f65de0446a330c3b773cd04ba10345d8ce1b15dcac3f49770204e37602d0b3f7"},
    {file = "opencv_python-4.5.5.64-cp36-abi3-macosx_10_15_x86_64.whl", hash = "sha256:a512a0c59b6fec0fac3844b2f47d6ecb1a9d18d235e6c5491ce8dbbe0663eae8"},
    {file = "opencv_python-4.5.5.64-cp36-abi3-manylinux_2_17_aarch64.manylinux2014_aarch64.whl", hash = "sha256:ca6138b6903910e384067d001763d40f97656875487381aed32993b076f44375"},
    {file = "opencv_python-4.5.5.64-cp36-abi3-manylinux_2_17_x86_64.manylinux2014_x86_64.whl", hash = "sha256:b293ced62f4360d9f11cf72ae7e9df95320ff7bf5b834d87546f844e838c0c35"},
    {file = "opencv_python-4.5.5.64-cp36-abi3-win32.whl", hash = "sha256:6247e584813c00c3b9ed69a795da40d2c153dc923d0182e957e1c2f00a554ac2"},
    {file = "opencv_python-4.5.5.64-cp36-abi3-win_amd64.whl", hash = "sha256:408d5332550287aa797fd06bef47b2dfed163c6787668cc82ef9123a9484b56a"},
    {file = "opencv_python-4.5.5.64-cp37-abi3-macosx_11_0_arm64.whl", hash = "sha256:7787bb017ae93d5f9bb1b817ac8e13e45dd193743cb648498fcab21d00cf20a3"},
]
packaging = [
    {file = "packaging-21.3-py3-none-any.whl", hash = "sha256:ef103e05f519cdc783ae24ea4e2e0f508a9c99b2d4969652eed6a2e1ea5bd522"},
    {file = "packaging-21.3.tar.gz", hash = "sha256:dd47c42927d89ab911e606518907cc2d3a1f38bbd026385970643f9c5b8ecfeb"},
]
pathspec = [
    {file = "pathspec-0.9.0-py2.py3-none-any.whl", hash = "sha256:7d15c4ddb0b5c802d161efc417ec1a2558ea2653c2e8ad9c19098201dc1c993a"},
    {file = "pathspec-0.9.0.tar.gz", hash = "sha256:e564499435a2673d586f6b2130bb5b95f04a3ba06f81b8f895b651a3c76aabb1"},
]
platformdirs = [
    {file = "platformdirs-2.5.1-py3-none-any.whl", hash = "sha256:bcae7cab893c2d310a711b70b24efb93334febe65f8de776ee320b517471e227"},
    {file = "platformdirs-2.5.1.tar.gz", hash = "sha256:7535e70dfa32e84d4b34996ea99c5e432fa29a708d0f4e394bbcb2a8faa4f16d"},
]
pluggy = [
    {file = "pluggy-1.0.0-py2.py3-none-any.whl", hash = "sha256:74134bbf457f031a36d68416e1509f34bd5ccc019f0bcc952c7b909d06b37bd3"},
    {file = "pluggy-1.0.0.tar.gz", hash = "sha256:4224373bacce55f955a878bf9cfa763c1e360858e330072059e10bad68531159"},
]
progressbar = [
    {file = "progressbar-2.5.tar.gz", hash = "sha256:5d81cb529da2e223b53962afd6c8ca0f05c6670e40309a7219eacc36af9b6c63"},
]
py = [
    {file = "py-1.11.0-py2.py3-none-any.whl", hash = "sha256:607c53218732647dff4acdfcd50cb62615cedf612e72d1724fb1a0cc6405b378"},
    {file = "py-1.11.0.tar.gz", hash = "sha256:51c75c4126074b472f746a24399ad32f6053d1b34b68d2fa41e558e6f4a98719"},
]
pyobjc-core = [
    {file = "pyobjc-core-8.4.tar.gz", hash = "sha256:f257a06a051f724e88a35b6f1c1605e338783f357b03d7ba77f01eb09f642310"},
    {file = "pyobjc_core-8.4-cp310-cp310-macosx_10_9_universal2.whl", hash = "sha256:d1159a2dbf9e1e2cf886e4dab021673a77f2f62f2b1a2198498c7c75bc9357f4"},
    {file = "pyobjc_core-8.4-cp36-cp36m-macosx_10_9_x86_64.whl", hash = "sha256:d52ebcb2dc546b493fa4d1640398ac5592c6f07d79f757f02e20a86328bcacf4"},
    {file = "pyobjc_core-8.4-cp37-cp37m-macosx_10_9_x86_64.whl", hash = "sha256:6026980937035c5d44cd3ed22410a88beeb47a56f40b0b8e24a15ee0b050bad1"},
    {file = "pyobjc_core-8.4-cp38-cp38-macosx_10_9_x86_64.whl", hash = "sha256:f9c9359cf8a48c3730d58410812cedb37643de015034e0b16b6522c4375eb69b"},
    {file = "pyobjc_core-8.4-cp38-cp38-macosx_11_0_universal2.whl", hash = "sha256:168fb00f92162342ee1974d58e7a0060316d01840c01568965be133865421d2e"},
    {file = "pyobjc_core-8.4-cp39-cp39-macosx_10_9_universal2.whl", hash = "sha256:8696c6336c11e198ab374c29f8192d41c5db4f81e6988dfaaf0bfd63b860eb08"},
]
pyobjc-framework-cocoa = [
    {file = "pyobjc-framework-Cocoa-8.4.tar.gz", hash = "sha256:ebc0fc51ced15f450e66565fb423eeeeb6c6eee1b85e229d4e2071c5d5b5e3b0"},
    {file = "pyobjc_framework_Cocoa-8.4-cp310-cp310-macosx_10_9_universal2.whl", hash = "sha256:fc0dc582c24507053a8b62a10601d8bcbeba56738ebac81256fbfd2adcd73cae"},
    {file = "pyobjc_framework_Cocoa-8.4-cp36-cp36m-macosx_10_9_x86_64.whl", hash = "sha256:01fc40adb9a38508f03dbb29fb24d9b6721f9892a8b88e8154a980292b5e3c9a"},
    {file = "pyobjc_framework_Cocoa-8.4-cp37-cp37m-macosx_10_9_x86_64.whl", hash = "sha256:89c2c02bc84641dd11f811ad96e64e406fe2c3b5001e388eccb94883bdbff657"},
    {file = "pyobjc_framework_Cocoa-8.4-cp38-cp38-macosx_10_9_x86_64.whl", hash = "sha256:a3bd91b7eeb13680b7bfa3c36cc308049b4745db103a6cf467b49dcdae98591f"},
    {file = "pyobjc_framework_Cocoa-8.4-cp38-cp38-macosx_11_0_universal2.whl", hash = "sha256:e6fbe1ae133a2f1f930bfba0d21a501a251a2434b635edd5e3ed7cd1f698d9d5"},
    {file = "pyobjc_framework_Cocoa-8.4-cp39-cp39-macosx_10_9_universal2.whl", hash = "sha256:58e59bbc2ee918511d7cfc830e57baf6963f26c42aabe44a860730bb4d5d85f0"},
]
pyobjc-framework-quartz = [
    {file = "pyobjc-framework-Quartz-8.4.tar.gz", hash = "sha256:1b6e659d02a04adc4ca86d1f1a1c5fce045fdb3dcd8cb60dbd675dff877b6395"},
    {file = "pyobjc_framework_Quartz-8.4-cp310-cp310-macosx_10_9_universal2.whl", hash = "sha256:3570447d32851c79bfcabcc089e9c07ae3d37fe505dd34416a8f95bb68265e08"},
    {file = "pyobjc_framework_Quartz-8.4-cp36-cp36m-macosx_10_9_x86_64.whl", hash = "sha256:03679ce58ee0697df46aa98cffb0cc65fd646def497d9b8358a4d29f7af1ea81"},
    {file = "pyobjc_framework_Quartz-8.4-cp37-cp37m-macosx_10_9_x86_64.whl", hash = "sha256:547d0d8afee9219206a87e3740069313b37022e0a02a254842262f5cf81bf7d8"},
    {file = "pyobjc_framework_Quartz-8.4-cp38-cp38-macosx_10_9_x86_64.whl", hash = "sha256:5192806022b35ddbb39fc205c8c24546ecde987d1d301423ab05a63cb2a3c16b"},
    {file = "pyobjc_framework_Quartz-8.4-cp38-cp38-macosx_11_0_universal2.whl", hash = "sha256:c341da71845d3b653e1ff853cf162a1a8a0778d591d504dd22f7ff1d829da353"},
    {file = "pyobjc_framework_Quartz-8.4-cp39-cp39-macosx_10_9_universal2.whl", hash = "sha256:9821ac3778ec0716e348495acb86cd67dc2f2e59d1323cf6ad95b19dba46e989"},
]
pyparsing = [
    {file = "pyparsing-3.0.7-py3-none-any.whl", hash = "sha256:a6c06a88f252e6c322f65faf8f418b16213b51bdfaece0524c1c1bc30c63c484"},
    {file = "pyparsing-3.0.7.tar.gz", hash = "sha256:18ee9022775d270c55187733956460083db60b37d0d0fb357445f3094eed3eea"},
]
pytest = [
    {file = "pytest-6.2.5-py3-none-any.whl", hash = "sha256:7310f8d27bc79ced999e760ca304d69f6ba6c6649c0b60fb0e04a4a77cacc134"},
    {file = "pytest-6.2.5.tar.gz", hash = "sha256:131b36680866a76e6781d13f101efb86cf674ebb9762eb70d3082b6f29889e89"},
]
pytest-cov = [
    {file = "pytest-cov-3.0.0.tar.gz", hash = "sha256:e7f0f5b1617d2210a2cabc266dfe2f4c75a8d32fb89eafb7ad9d06f6d076d470"},
    {file = "pytest_cov-3.0.0-py3-none-any.whl", hash = "sha256:578d5d15ac4a25e5f961c938b85a05b09fdaae9deef3bb6de9a6e766622ca7a6"},
]
toml = [
    {file = "toml-0.10.2-py2.py3-none-any.whl", hash = "sha256:806143ae5bfb6a3c6e736a764057db0e6a0e05e338b5630894a5f779cabb4f9b"},
    {file = "toml-0.10.2.tar.gz", hash = "sha256:b3bda1d108d5dd99f4a20d24d9c348e91c4db7ab1b749200bded2f839ccbe68f"},
]
tomli = [
    {file = "tomli-1.2.3-py3-none-any.whl", hash = "sha256:e3069e4be3ead9668e21cb9b074cd948f7b3113fd9c8bba083f48247aab8b11c"},
    {file = "tomli-1.2.3.tar.gz", hash = "sha256:05b6166bff487dc068d322585c7ea4ef78deed501cc124060e0f238e89a9231f"},
]
typing-extensions = [
    {file = "typing_extensions-4.1.1-py3-none-any.whl", hash = "sha256:21c85e0fe4b9a155d0799430b0ad741cdce7e359660ccbd8b530613e8df88ce2"},
    {file = "typing_extensions-4.1.1.tar.gz", hash = "sha256:1a9462dcc3347a79b1f1c0271fbe79e844580bb598bafa1ed208b94da3cdcd42"},
]
