[[package]]
name = "applescript"
version = "2021.2.9"
description = "run applescript"
category = "main"
optional = false
python-versions = "*"

[[package]]
name = "atomicwrites"
version = "1.4.0"
description = "Atomic file writes."
category = "dev"
optional = false
python-versions = ">=2.7, !=3.0.*, !=3.1.*, !=3.2.*, !=3.3.*"

[[package]]
name = "attrs"
version = "21.2.0"
description = "Classes Without Boilerplate"
category = "dev"
optional = false
python-versions = ">=2.7, !=3.0.*, !=3.1.*, !=3.2.*, !=3.3.*, !=3.4.*"

[package.extras]
dev = ["coverage[toml] (>=5.0.2)", "hypothesis", "pympler", "pytest (>=4.3.0)", "six", "mypy", "pytest-mypy-plugins", "zope.interface", "furo", "sphinx", "sphinx-notfound-page", "pre-commit"]
docs = ["furo", "sphinx", "zope.interface", "sphinx-notfound-page"]
tests = ["coverage[toml] (>=5.0.2)", "hypothesis", "pympler", "pytest (>=4.3.0)", "six", "mypy", "pytest-mypy-plugins", "zope.interface"]
tests_no_zope = ["coverage[toml] (>=5.0.2)", "hypothesis", "pympler", "pytest (>=4.3.0)", "six", "mypy", "pytest-mypy-plugins"]

[[package]]
name = "black"
version = "21.9b0"
description = "The uncompromising code formatter."
category = "dev"
optional = false
python-versions = ">=3.6.2"

[package.dependencies]
click = ">=7.1.2"
mypy-extensions = ">=0.4.3"
pathspec = ">=0.9.0,<1"
platformdirs = ">=2"
regex = ">=2020.1.8"
tomli = ">=0.2.6,<2.0.0"
typing-extensions = [
    {version = ">=3.10.0.0", markers = "python_version < \"3.10\""},
    {version = "!=3.10.0.1", markers = "python_version >= \"3.10\""},
]

[package.extras]
colorama = ["colorama (>=0.4.3)"]
d = ["aiohttp (>=3.6.0)", "aiohttp-cors (>=0.4.0)"]
jupyter = ["ipython (>=7.8.0)", "tokenize-rt (>=3.2.0)"]
python2 = ["typed-ast (>=1.4.2)"]
uvloop = ["uvloop (>=0.15.2)"]

[[package]]
name = "click"
version = "8.0.3"
description = "Composable command line interface toolkit"
category = "dev"
optional = false
python-versions = ">=3.6"

[package.dependencies]
colorama = {version = "*", markers = "platform_system == \"Windows\""}

[[package]]
name = "colorama"
version = "0.4.4"
description = "Cross-platform colored terminal text."
category = "dev"
optional = false
python-versions = ">=2.7, !=3.0.*, !=3.1.*, !=3.2.*, !=3.3.*, !=3.4.*"

[[package]]
name = "iniconfig"
version = "1.1.1"
description = "iniconfig: brain-dead simple config-ini parsing"
category = "dev"
optional = false
python-versions = "*"

[[package]]
name = "isort"
version = "5.9.3"
description = "A Python utility / library to sort Python imports."
category = "dev"
optional = false
python-versions = ">=3.6.1,<4.0"

[package.extras]
pipfile_deprecated_finder = ["pipreqs", "requirementslib"]
requirements_deprecated_finder = ["pipreqs", "pip-api"]
colors = ["colorama (>=0.4.3,<0.5.0)"]
plugins = ["setuptools"]

[[package]]
name = "mss"
version = "6.1.0"
description = "An ultra fast cross-platform multiple screenshots module in pure python using ctypes."
category = "main"
optional = false
python-versions = ">=3.5"

[[package]]
name = "mypy-extensions"
version = "0.4.3"
description = "Experimental type system extensions for programs checked with the mypy typechecker."
category = "dev"
optional = false
python-versions = "*"

[[package]]
name = "numpy"
version = "1.21.1"
description = "NumPy is the fundamental package for array computing with Python."
category = "main"
optional = false
python-versions = ">=3.7"

[[package]]
name = "opencv-python"
version = "4.5.3.56"
description = "Wrapper package for OpenCV python bindings."
category = "main"
optional = false
python-versions = ">=3.6"

[package.dependencies]
numpy = ">=1.21.0"

[[package]]
name = "packaging"
version = "21.0"
description = "Core utilities for Python packages"
category = "dev"
optional = false
python-versions = ">=3.6"

[package.dependencies]
pyparsing = ">=2.0.2"

[[package]]
name = "pathspec"
version = "0.9.0"
description = "Utility library for gitignore style pattern matching of file paths."
category = "dev"
optional = false
python-versions = "!=3.0.*,!=3.1.*,!=3.2.*,!=3.3.*,!=3.4.*,>=2.7"

[[package]]
name = "pillow"
version = "8.3.2"
description = "Python Imaging Library (Fork)"
category = "main"
optional = false
python-versions = ">=3.6"

[[package]]
name = "platformdirs"
version = "2.4.0"
description = "A small Python module for determining appropriate platform-specific dirs, e.g. a \"user data dir\"."
category = "dev"
optional = false
python-versions = ">=3.6"

[package.extras]
docs = ["Sphinx (>=4)", "furo (>=2021.7.5b38)", "proselint (>=0.10.2)", "sphinx-autodoc-typehints (>=1.12)"]
test = ["appdirs (==1.4.4)", "pytest (>=6)", "pytest-cov (>=2.7)", "pytest-mock (>=3.6)"]

[[package]]
name = "pluggy"
version = "1.0.0"
description = "plugin and hook calling mechanisms for python"
category = "dev"
optional = false
python-versions = ">=3.6"

[package.extras]
dev = ["pre-commit", "tox"]
testing = ["pytest", "pytest-benchmark"]

[[package]]
name = "progressbar"
version = "2.5"
description = "Text progress bar library for Python."
category = "main"
optional = false
python-versions = "*"

[[package]]
name = "py"
version = "1.10.0"
description = "library with cross-python path, ini-parsing, io, code, log facilities"
category = "dev"
optional = false
python-versions = ">=2.7, !=3.0.*, !=3.1.*, !=3.2.*, !=3.3.*"

[[package]]
name = "pyobjc-core"
version = "7.3"
description = "Python<->ObjC Interoperability Module"
category = "main"
optional = false
python-versions = ">=3.6"

[[package]]
name = "pyobjc-framework-cocoa"
version = "7.3"
description = "Wrappers for the Cocoa frameworks on macOS"
category = "main"
optional = false
python-versions = ">=3.6"

[package.dependencies]
pyobjc-core = ">=7.3"

[[package]]
name = "pyobjc-framework-quartz"
version = "7.3"
description = "Wrappers for the Quartz frameworks on macOS"
category = "main"
optional = false
python-versions = ">=3.6"

[package.dependencies]
pyobjc-core = ">=7.3"
pyobjc-framework-Cocoa = ">=7.3"

[[package]]
name = "pyparsing"
version = "2.4.7"
description = "Python parsing module"
category = "dev"
optional = false
python-versions = ">=2.6, !=3.0.*, !=3.1.*, !=3.2.*"

[[package]]
name = "pytesseract"
version = "0.3.8"
description = "Python-tesseract is a python wrapper for Google's Tesseract-OCR"
category = "main"
optional = false
python-versions = ">=3.6"

[package.dependencies]
Pillow = "*"

[[package]]
name = "pytest"
version = "6.2.5"
description = "pytest: simple powerful testing with Python"
category = "dev"
optional = false
python-versions = ">=3.6"

[package.dependencies]
atomicwrites = {version = ">=1.0", markers = "sys_platform == \"win32\""}
attrs = ">=19.2.0"
colorama = {version = "*", markers = "sys_platform == \"win32\""}
iniconfig = "*"
packaging = "*"
pluggy = ">=0.12,<2.0"
py = ">=1.8.2"
toml = "*"

[package.extras]
testing = ["argcomplete", "hypothesis (>=3.56)", "mock", "nose", "requests", "xmlschema"]

[[package]]
name = "regex"
version = "2021.10.8"
description = "Alternative regular expression module, to replace re."
category = "dev"
optional = false
python-versions = "*"

[[package]]
name = "toml"
version = "0.10.2"
description = "Python Library for Tom's Obvious, Minimal Language"
category = "dev"
optional = false
python-versions = ">=2.6, !=3.0.*, !=3.1.*, !=3.2.*"

[[package]]
name = "tomli"
version = "1.2.1"
description = "A lil' TOML parser"
category = "dev"
optional = false
python-versions = ">=3.6"

[[package]]
name = "typing-extensions"
version = "3.10.0.2"
description = "Backported and Experimental Type Hints for Python 3.5+"
category = "dev"
optional = false
python-versions = "*"

[metadata]
lock-version = "1.1"
python-versions = "^3.8"
content-hash = "39592990645eb1bf3dc7184e1ba98f00fe0dea57d9f229fedcfbf1f243469b15"

[metadata.files]
applescript = [
    {file = "applescript-2021.2.9.tar.gz", hash = "sha256:e39542c0411d82c3c860af23f5a54c121279a409e5cf55acfa7f881ea9798854"},
]
atomicwrites = [
    {file = "atomicwrites-1.4.0-py2.py3-none-any.whl", hash = "sha256:6d1784dea7c0c8d4a5172b6c620f40b6e4cbfdf96d783691f2e1302a7b88e197"},
    {file = "atomicwrites-1.4.0.tar.gz", hash = "sha256:ae70396ad1a434f9c7046fd2dd196fc04b12f9e91ffb859164193be8b6168a7a"},
]
attrs = [
    {file = "attrs-21.2.0-py2.py3-none-any.whl", hash = "sha256:149e90d6d8ac20db7a955ad60cf0e6881a3f20d37096140088356da6c716b0b1"},
    {file = "attrs-21.2.0.tar.gz", hash = "sha256:ef6aaac3ca6cd92904cdd0d83f629a15f18053ec84e6432106f7a4d04ae4f5fb"},
]
black = [
    {file = "black-21.9b0-py3-none-any.whl", hash = "sha256:380f1b5da05e5a1429225676655dddb96f5ae8c75bdf91e53d798871b902a115"},
    {file = "black-21.9b0.tar.gz", hash = "sha256:7de4cfc7eb6b710de325712d40125689101d21d25283eed7e9998722cf10eb91"},
]
click = [
    {file = "click-8.0.3-py3-none-any.whl", hash = "sha256:353f466495adaeb40b6b5f592f9f91cb22372351c84caeb068132442a4518ef3"},
    {file = "click-8.0.3.tar.gz", hash = "sha256:410e932b050f5eed773c4cda94de75971c89cdb3155a72a0831139a79e5ecb5b"},
]
colorama = [
    {file = "colorama-0.4.4-py2.py3-none-any.whl", hash = "sha256:9f47eda37229f68eee03b24b9748937c7dc3868f906e8ba69fbcbdd3bc5dc3e2"},
    {file = "colorama-0.4.4.tar.gz", hash = "sha256:5941b2b48a20143d2267e95b1c2a7603ce057ee39fd88e7329b0c292aa16869b"},
]
iniconfig = [
    {file = "iniconfig-1.1.1-py2.py3-none-any.whl", hash = "sha256:011e24c64b7f47f6ebd835bb12a743f2fbe9a26d4cecaa7f53bc4f35ee9da8b3"},
    {file = "iniconfig-1.1.1.tar.gz", hash = "sha256:bc3af051d7d14b2ee5ef9969666def0cd1a000e121eaea580d4a313df4b37f32"},
]
isort = [
    {file = "isort-5.9.3-py3-none-any.whl", hash = "sha256:e17d6e2b81095c9db0a03a8025a957f334d6ea30b26f9ec70805411e5c7c81f2"},
    {file = "isort-5.9.3.tar.gz", hash = "sha256:9c2ea1e62d871267b78307fe511c0838ba0da28698c5732d54e2790bf3ba9899"},
]
mss = [
    {file = "mss-6.1.0-py3-none-any.whl", hash = "sha256:2722c5c9211ce29b4f1497fc2c70faecf9cdcb7653fa7f0f88e2231a31949b93"},
    {file = "mss-6.1.0.tar.gz", hash = "sha256:aebd069f3e05667fe9c7b9fa4b1771fe42a4710ce1058ce0236936ce06fa5394"},
]
mypy-extensions = [
    {file = "mypy_extensions-0.4.3-py2.py3-none-any.whl", hash = "sha256:090fedd75945a69ae91ce1303b5824f428daf5a028d2f6ab8a299250a846f15d"},
    {file = "mypy_extensions-0.4.3.tar.gz", hash = "sha256:2d82818f5bb3e369420cb3c4060a7970edba416647068eb4c5343488a6c604a8"},
]
numpy = [
    {file = "numpy-1.21.1-cp37-cp37m-macosx_10_9_x86_64.whl", hash = "sha256:38e8648f9449a549a7dfe8d8755a5979b45b3538520d1e735637ef28e8c2dc50"},
    {file = "numpy-1.21.1-cp37-cp37m-manylinux_2_12_i686.manylinux2010_i686.whl", hash = "sha256:fd7d7409fa643a91d0a05c7554dd68aa9c9bb16e186f6ccfe40d6e003156e33a"},
    {file = "numpy-1.21.1-cp37-cp37m-manylinux_2_12_x86_64.manylinux2010_x86_64.whl", hash = "sha256:a75b4498b1e93d8b700282dc8e655b8bd559c0904b3910b144646dbbbc03e062"},
    {file = "numpy-1.21.1-cp37-cp37m-manylinux_2_17_aarch64.manylinux2014_aarch64.whl", hash = "sha256:1412aa0aec3e00bc23fbb8664d76552b4efde98fb71f60737c83efbac24112f1"},
    {file = "numpy-1.21.1-cp37-cp37m-manylinux_2_5_i686.manylinux1_i686.whl", hash = "sha256:e46ceaff65609b5399163de5893d8f2a82d3c77d5e56d976c8b5fb01faa6b671"},
    {file = "numpy-1.21.1-cp37-cp37m-manylinux_2_5_x86_64.manylinux1_x86_64.whl", hash = "sha256:c6a2324085dd52f96498419ba95b5777e40b6bcbc20088fddb9e8cbb58885e8e"},
    {file = "numpy-1.21.1-cp37-cp37m-win32.whl", hash = "sha256:73101b2a1fef16602696d133db402a7e7586654682244344b8329cdcbbb82172"},
    {file = "numpy-1.21.1-cp37-cp37m-win_amd64.whl", hash = "sha256:7a708a79c9a9d26904d1cca8d383bf869edf6f8e7650d85dbc77b041e8c5a0f8"},
    {file = "numpy-1.21.1-cp38-cp38-macosx_10_9_universal2.whl", hash = "sha256:95b995d0c413f5d0428b3f880e8fe1660ff9396dcd1f9eedbc311f37b5652e16"},
    {file = "numpy-1.21.1-cp38-cp38-macosx_10_9_x86_64.whl", hash = "sha256:635e6bd31c9fb3d475c8f44a089569070d10a9ef18ed13738b03049280281267"},
    {file = "numpy-1.21.1-cp38-cp38-macosx_11_0_arm64.whl", hash = "sha256:4a3d5fb89bfe21be2ef47c0614b9c9c707b7362386c9a3ff1feae63e0267ccb6"},
    {file = "numpy-1.21.1-cp38-cp38-manylinux_2_12_i686.manylinux2010_i686.whl", hash = "sha256:8a326af80e86d0e9ce92bcc1e65c8ff88297de4fa14ee936cb2293d414c9ec63"},
    {file = "numpy-1.21.1-cp38-cp38-manylinux_2_12_x86_64.manylinux2010_x86_64.whl", hash = "sha256:791492091744b0fe390a6ce85cc1bf5149968ac7d5f0477288f78c89b385d9af"},
    {file = "numpy-1.21.1-cp38-cp38-manylinux_2_17_aarch64.manylinux2014_aarch64.whl", hash = "sha256:0318c465786c1f63ac05d7c4dbcecd4d2d7e13f0959b01b534ea1e92202235c5"},
    {file = "numpy-1.21.1-cp38-cp38-manylinux_2_5_i686.manylinux1_i686.whl", hash = "sha256:9a513bd9c1551894ee3d31369f9b07460ef223694098cf27d399513415855b68"},
    {file = "numpy-1.21.1-cp38-cp38-manylinux_2_5_x86_64.manylinux1_x86_64.whl", hash = "sha256:91c6f5fc58df1e0a3cc0c3a717bb3308ff850abdaa6d2d802573ee2b11f674a8"},
    {file = "numpy-1.21.1-cp38-cp38-win32.whl", hash = "sha256:978010b68e17150db8765355d1ccdd450f9fc916824e8c4e35ee620590e234cd"},
    {file = "numpy-1.21.1-cp38-cp38-win_amd64.whl", hash = "sha256:9749a40a5b22333467f02fe11edc98f022133ee1bfa8ab99bda5e5437b831214"},
    {file = "numpy-1.21.1-cp39-cp39-macosx_10_9_universal2.whl", hash = "sha256:d7a4aeac3b94af92a9373d6e77b37691b86411f9745190d2c351f410ab3a791f"},
    {file = "numpy-1.21.1-cp39-cp39-macosx_10_9_x86_64.whl", hash = "sha256:d9e7912a56108aba9b31df688a4c4f5cb0d9d3787386b87d504762b6754fbb1b"},
    {file = "numpy-1.21.1-cp39-cp39-macosx_11_0_arm64.whl", hash = "sha256:25b40b98ebdd272bc3020935427a4530b7d60dfbe1ab9381a39147834e985eac"},
    {file = "numpy-1.21.1-cp39-cp39-manylinux_2_12_i686.manylinux2010_i686.whl", hash = "sha256:8a92c5aea763d14ba9d6475803fc7904bda7decc2a0a68153f587ad82941fec1"},
    {file = "numpy-1.21.1-cp39-cp39-manylinux_2_12_x86_64.manylinux2010_x86_64.whl", hash = "sha256:05a0f648eb28bae4bcb204e6fd14603de2908de982e761a2fc78efe0f19e96e1"},
    {file = "numpy-1.21.1-cp39-cp39-manylinux_2_17_aarch64.manylinux2014_aarch64.whl", hash = "sha256:f01f28075a92eede918b965e86e8f0ba7b7797a95aa8d35e1cc8821f5fc3ad6a"},
    {file = "numpy-1.21.1-cp39-cp39-win32.whl", hash = "sha256:88c0b89ad1cc24a5efbb99ff9ab5db0f9a86e9cc50240177a571fbe9c2860ac2"},
    {file = "numpy-1.21.1-cp39-cp39-win_amd64.whl", hash = "sha256:01721eefe70544d548425a07c80be8377096a54118070b8a62476866d5208e33"},
    {file = "numpy-1.21.1-pp37-pypy37_pp73-manylinux_2_12_x86_64.manylinux2010_x86_64.whl", hash = "sha256:2d4d1de6e6fb3d28781c73fbde702ac97f03d79e4ffd6598b880b2d95d62ead4"},
    {file = "numpy-1.21.1.zip", hash = "sha256:dff4af63638afcc57a3dfb9e4b26d434a7a602d225b42d746ea7fe2edf1342fd"},
]
opencv-python = [
    {file = "opencv-python-4.5.3.56.tar.gz", hash = "sha256:3c001d3feec7f3140f1fb78dfc52ca28122db8240826882d175a208a89d2731b"},
    {file = "opencv_python-4.5.3.56-cp36-cp36m-macosx_10_15_x86_64.whl", hash = "sha256:9a78558b5ae848386edbb843c761e5fed5a8480be9af16274a5a78838529edeb"},
    {file = "opencv_python-4.5.3.56-cp36-cp36m-manylinux2014_aarch64.whl", hash = "sha256:8d3282138f3a8646941089aae142684910ebe40776266448eab5f4bb609fc63f"},
    {file = "opencv_python-4.5.3.56-cp36-cp36m-manylinux2014_x86_64.whl", hash = "sha256:881f3d85269500e0c7d72b140a6ebb5c14a089f8140fb9da7ce01f12a245858e"},
    {file = "opencv_python-4.5.3.56-cp36-cp36m-win32.whl", hash = "sha256:f1bda4d144f5204e077ca4571453ebb2015e5748d5e0043386c92c2bbf7f52eb"},
    {file = "opencv_python-4.5.3.56-cp36-cp36m-win_amd64.whl", hash = "sha256:6763729fcfee2a08e069aa1982c9a8c1abf55b9cdf2fb9640eda1d85bdece19a"},
    {file = "opencv_python-4.5.3.56-cp37-cp37m-macosx_10_15_x86_64.whl", hash = "sha256:68813b720b88e4951e84399b9a8a7b532d45a07a96ea8f539636242f862e32e0"},
    {file = "opencv_python-4.5.3.56-cp37-cp37m-macosx_11_0_arm64.whl", hash = "sha256:c360cb76ad1ddbd5d2d3e730b42f2ff6e4be08ea6f4a6eefacca175d27467e8f"},
    {file = "opencv_python-4.5.3.56-cp37-cp37m-manylinux2014_aarch64.whl", hash = "sha256:437f30e300725e1d1b3744dbfbc66a523a4744792b58f3dbe1e9140c8f4dfba5"},
    {file = "opencv_python-4.5.3.56-cp37-cp37m-manylinux2014_x86_64.whl", hash = "sha256:e42c644a70d5c54f53a4b114dbd88b4eb83f42a9ca998f07bd5682f3f404efcc"},
    {file = "opencv_python-4.5.3.56-cp37-cp37m-win32.whl", hash = "sha256:f3ac2355217114a683f3f72a9c40a5890914a59c4a2df62e4083c66ff65c9cf9"},
    {file = "opencv_python-4.5.3.56-cp37-cp37m-win_amd64.whl", hash = "sha256:7f41b97d84ac66bdf13cb4d9f4dad3e159525ba1e3f421e670c787ce536eb70a"},
    {file = "opencv_python-4.5.3.56-cp38-cp38-macosx_10_15_x86_64.whl", hash = "sha256:cdc3363c2911d7cfc6c9f55308c51c2841a7aecbf0bf5e791499d220ce89d880"},
    {file = "opencv_python-4.5.3.56-cp38-cp38-macosx_11_0_arm64.whl", hash = "sha256:18a4a14015eee30d9cd514db8cdefbf594b1d5c234762d27abe512d62a333bc3"},
    {file = "opencv_python-4.5.3.56-cp38-cp38-manylinux2014_aarch64.whl", hash = "sha256:05c5139d620e8d02f7ce0921796d55736fa19fa15e2ec00a388db2eb1ae1e9a1"},
    {file = "opencv_python-4.5.3.56-cp38-cp38-manylinux2014_x86_64.whl", hash = "sha256:831b92fe63ce18dd628f71104da7e60596658b75e2fa16b83aefa3eb10c115e2"},
    {file = "opencv_python-4.5.3.56-cp38-cp38-win32.whl", hash = "sha256:e1f54736272830a1e895cedf7a4ee67737e31e966d380c82a81ef22515d043a3"},
    {file = "opencv_python-4.5.3.56-cp38-cp38-win_amd64.whl", hash = "sha256:b42bbba9f5421865377c7960bd4f3dd881003b322a6bf46ed2302b89224d102b"},
    {file = "opencv_python-4.5.3.56-cp39-cp39-macosx_10_15_x86_64.whl", hash = "sha256:5366fcd6eae4243add3c8c92142045850f1db8e464bcf0b75313e1596b2e3671"},
    {file = "opencv_python-4.5.3.56-cp39-cp39-macosx_11_0_arm64.whl", hash = "sha256:54c64e86a087841869901fd34462bb6bec01cd4652800fdf5d92fe7b0596c82f"},
    {file = "opencv_python-4.5.3.56-cp39-cp39-manylinux2014_aarch64.whl", hash = "sha256:8852be06c0749fef0d9c58f532bbcb0570968c59e41cf56b90f5c92593c6e108"},
    {file = "opencv_python-4.5.3.56-cp39-cp39-manylinux2014_x86_64.whl", hash = "sha256:8b5bc61be7fc8565140b746288b370a4bfdb4edb9d680b66bb914e7690485db1"},
    {file = "opencv_python-4.5.3.56-cp39-cp39-win32.whl", hash = "sha256:085232718f28bddd265da480874c37db5c7354cb08f23f4a68a8639b16276a89"},
    {file = "opencv_python-4.5.3.56-cp39-cp39-win_amd64.whl", hash = "sha256:205a73adb29c37e42475645519e612e843a985475da993d10b4d5daa6afec36a"},
]
packaging = [
    {file = "packaging-21.0-py3-none-any.whl", hash = "sha256:c86254f9220d55e31cc94d69bade760f0847da8000def4dfe1c6b872fd14ff14"},
    {file = "packaging-21.0.tar.gz", hash = "sha256:7dc96269f53a4ccec5c0670940a4281106dd0bb343f47b7471f779df49c2fbe7"},
]
pathspec = [
    {file = "pathspec-0.9.0-py2.py3-none-any.whl", hash = "sha256:7d15c4ddb0b5c802d161efc417ec1a2558ea2653c2e8ad9c19098201dc1c993a"},
    {file = "pathspec-0.9.0.tar.gz", hash = "sha256:e564499435a2673d586f6b2130bb5b95f04a3ba06f81b8f895b651a3c76aabb1"},
]
pillow = [
    {file = "Pillow-8.3.2-cp310-cp310-macosx_10_10_universal2.whl", hash = "sha256:c691b26283c3a31594683217d746f1dad59a7ae1d4cfc24626d7a064a11197d4"},
    {file = "Pillow-8.3.2-cp310-cp310-macosx_11_0_arm64.whl", hash = "sha256:f514c2717012859ccb349c97862568fdc0479aad85b0270d6b5a6509dbc142e2"},
    {file = "Pillow-8.3.2-cp310-cp310-manylinux_2_17_aarch64.manylinux2014_aarch64.whl", hash = "sha256:be25cb93442c6d2f8702c599b51184bd3ccd83adebd08886b682173e09ef0c3f"},
    {file = "Pillow-8.3.2-cp310-cp310-manylinux_2_17_i686.manylinux2014_i686.whl", hash = "sha256:d675a876b295afa114ca8bf42d7f86b5fb1298e1b6bb9a24405a3f6c8338811c"},
    {file = "Pillow-8.3.2-cp310-cp310-manylinux_2_17_x86_64.manylinux2014_x86_64.whl", hash = "sha256:59697568a0455764a094585b2551fd76bfd6b959c9f92d4bdec9d0e14616303a"},
    {file = "Pillow-8.3.2-cp310-cp310-win32.whl", hash = "sha256:2d5e9dc0bf1b5d9048a94c48d0813b6c96fccfa4ccf276d9c36308840f40c228"},
    {file = "Pillow-8.3.2-cp310-cp310-win_amd64.whl", hash = "sha256:11c27e74bab423eb3c9232d97553111cc0be81b74b47165f07ebfdd29d825875"},
    {file = "Pillow-8.3.2-cp36-cp36m-macosx_10_10_x86_64.whl", hash = "sha256:11eb7f98165d56042545c9e6db3ce394ed8b45089a67124298f0473b29cb60b2"},
    {file = "Pillow-8.3.2-cp36-cp36m-manylinux_2_17_aarch64.manylinux2014_aarch64.whl", hash = "sha256:2f23b2d3079522fdf3c09de6517f625f7a964f916c956527bed805ac043799b8"},
    {file = "Pillow-8.3.2-cp36-cp36m-manylinux_2_17_i686.manylinux2014_i686.whl", hash = "sha256:19ec4cfe4b961edc249b0e04b5618666c23a83bc35842dea2bfd5dfa0157f81b"},
    {file = "Pillow-8.3.2-cp36-cp36m-manylinux_2_17_x86_64.manylinux2014_x86_64.whl", hash = "sha256:e5a31c07cea5edbaeb4bdba6f2b87db7d3dc0f446f379d907e51cc70ea375629"},
    {file = "Pillow-8.3.2-cp36-cp36m-manylinux_2_5_i686.manylinux1_i686.whl", hash = "sha256:15ccb81a6ffc57ea0137f9f3ac2737ffa1d11f786244d719639df17476d399a7"},
    {file = "Pillow-8.3.2-cp36-cp36m-manylinux_2_5_x86_64.manylinux1_x86_64.whl", hash = "sha256:8f284dc1695caf71a74f24993b7c7473d77bc760be45f776a2c2f4e04c170550"},
    {file = "Pillow-8.3.2-cp36-cp36m-win32.whl", hash = "sha256:4abc247b31a98f29e5224f2d31ef15f86a71f79c7f4d2ac345a5d551d6393073"},
    {file = "Pillow-8.3.2-cp36-cp36m-win_amd64.whl", hash = "sha256:a048dad5ed6ad1fad338c02c609b862dfaa921fcd065d747194a6805f91f2196"},
    {file = "Pillow-8.3.2-cp37-cp37m-macosx_10_10_x86_64.whl", hash = "sha256:06d1adaa284696785375fa80a6a8eb309be722cf4ef8949518beb34487a3df71"},
    {file = "Pillow-8.3.2-cp37-cp37m-manylinux_2_17_aarch64.manylinux2014_aarch64.whl", hash = "sha256:bd24054aaf21e70a51e2a2a5ed1183560d3a69e6f9594a4bfe360a46f94eba83"},
    {file = "Pillow-8.3.2-cp37-cp37m-manylinux_2_17_i686.manylinux2014_i686.whl", hash = "sha256:27a330bf7014ee034046db43ccbb05c766aa9e70b8d6c5260bfc38d73103b0ba"},
    {file = "Pillow-8.3.2-cp37-cp37m-manylinux_2_17_x86_64.manylinux2014_x86_64.whl", hash = "sha256:13654b521fb98abdecec105ea3fb5ba863d1548c9b58831dd5105bb3873569f1"},
    {file = "Pillow-8.3.2-cp37-cp37m-manylinux_2_5_i686.manylinux1_i686.whl", hash = "sha256:a1bd983c565f92779be456ece2479840ec39d386007cd4ae83382646293d681b"},
    {file = "Pillow-8.3.2-cp37-cp37m-manylinux_2_5_x86_64.manylinux1_x86_64.whl", hash = "sha256:4326ea1e2722f3dc00ed77c36d3b5354b8fb7399fb59230249ea6d59cbed90da"},
    {file = "Pillow-8.3.2-cp37-cp37m-win32.whl", hash = "sha256:085a90a99404b859a4b6c3daa42afde17cb3ad3115e44a75f0d7b4a32f06a6c9"},
    {file = "Pillow-8.3.2-cp37-cp37m-win_amd64.whl", hash = "sha256:18a07a683805d32826c09acfce44a90bf474e6a66ce482b1c7fcd3757d588df3"},
    {file = "Pillow-8.3.2-cp38-cp38-macosx_10_10_x86_64.whl", hash = "sha256:4e59e99fd680e2b8b11bbd463f3c9450ab799305d5f2bafb74fefba6ac058616"},
    {file = "Pillow-8.3.2-cp38-cp38-macosx_11_0_arm64.whl", hash = "sha256:4d89a2e9219a526401015153c0e9dd48319ea6ab9fe3b066a20aa9aee23d9fd3"},
    {file = "Pillow-8.3.2-cp38-cp38-manylinux_2_17_aarch64.manylinux2014_aarch64.whl", hash = "sha256:56fd98c8294f57636084f4b076b75f86c57b2a63a8410c0cd172bc93695ee979"},
    {file = "Pillow-8.3.2-cp38-cp38-manylinux_2_17_i686.manylinux2014_i686.whl", hash = "sha256:2b11c9d310a3522b0fd3c35667914271f570576a0e387701f370eb39d45f08a4"},
    {file = "Pillow-8.3.2-cp38-cp38-manylinux_2_17_x86_64.manylinux2014_x86_64.whl", hash = "sha256:0412516dcc9de9b0a1e0ae25a280015809de8270f134cc2c1e32c4eeb397cf30"},
    {file = "Pillow-8.3.2-cp38-cp38-manylinux_2_5_i686.manylinux1_i686.whl", hash = "sha256:bcb04ff12e79b28be6c9988f275e7ab69f01cc2ba319fb3114f87817bb7c74b6"},
    {file = "Pillow-8.3.2-cp38-cp38-manylinux_2_5_x86_64.manylinux1_x86_64.whl", hash = "sha256:0b9911ec70731711c3b6ebcde26caea620cbdd9dcb73c67b0730c8817f24711b"},
    {file = "Pillow-8.3.2-cp38-cp38-win32.whl", hash = "sha256:ce2e5e04bb86da6187f96d7bab3f93a7877830981b37f0287dd6479e27a10341"},
    {file = "Pillow-8.3.2-cp38-cp38-win_amd64.whl", hash = "sha256:35d27687f027ad25a8d0ef45dd5208ef044c588003cdcedf05afb00dbc5c2deb"},
    {file = "Pillow-8.3.2-cp39-cp39-macosx_10_10_x86_64.whl", hash = "sha256:04835e68ef12904bc3e1fd002b33eea0779320d4346082bd5b24bec12ad9c3e9"},
    {file = "Pillow-8.3.2-cp39-cp39-macosx_11_0_arm64.whl", hash = "sha256:10e00f7336780ca7d3653cf3ac26f068fa11b5a96894ea29a64d3dc4b810d630"},
    {file = "Pillow-8.3.2-cp39-cp39-manylinux_2_17_aarch64.manylinux2014_aarch64.whl", hash = "sha256:2cde7a4d3687f21cffdf5bb171172070bb95e02af448c4c8b2f223d783214056"},
    {file = "Pillow-8.3.2-cp39-cp39-manylinux_2_17_i686.manylinux2014_i686.whl", hash = "sha256:1c3ff00110835bdda2b1e2b07f4a2548a39744bb7de5946dc8e95517c4fb2ca6"},
    {file = "Pillow-8.3.2-cp39-cp39-manylinux_2_17_x86_64.manylinux2014_x86_64.whl", hash = "sha256:35d409030bf3bd05fa66fb5fdedc39c521b397f61ad04309c90444e893d05f7d"},
    {file = "Pillow-8.3.2-cp39-cp39-manylinux_2_5_i686.manylinux1_i686.whl", hash = "sha256:6bff50ba9891be0a004ef48828e012babaaf7da204d81ab9be37480b9020a82b"},
    {file = "Pillow-8.3.2-cp39-cp39-manylinux_2_5_x86_64.manylinux1_x86_64.whl", hash = "sha256:7dbfbc0020aa1d9bc1b0b8bcf255a7d73f4ad0336f8fd2533fcc54a4ccfb9441"},
    {file = "Pillow-8.3.2-cp39-cp39-win32.whl", hash = "sha256:963ebdc5365d748185fdb06daf2ac758116deecb2277ec5ae98139f93844bc09"},
    {file = "Pillow-8.3.2-cp39-cp39-win_amd64.whl", hash = "sha256:cc9d0dec711c914ed500f1d0d3822868760954dce98dfb0b7382a854aee55d19"},
    {file = "Pillow-8.3.2-pp36-pypy36_pp73-macosx_10_10_x86_64.whl", hash = "sha256:2c661542c6f71dfd9dc82d9d29a8386287e82813b0375b3a02983feac69ef864"},
    {file = "Pillow-8.3.2-pp36-pypy36_pp73-manylinux_2_12_i686.manylinux2010_i686.whl", hash = "sha256:548794f99ff52a73a156771a0402f5e1c35285bd981046a502d7e4793e8facaa"},
    {file = "Pillow-8.3.2-pp36-pypy36_pp73-manylinux_2_12_x86_64.manylinux2010_x86_64.whl", hash = "sha256:8b68f565a4175e12e68ca900af8910e8fe48aaa48fd3ca853494f384e11c8bcd"},
    {file = "Pillow-8.3.2-pp36-pypy36_pp73-manylinux_2_17_i686.manylinux2014_i686.whl", hash = "sha256:838eb85de6d9307c19c655c726f8d13b8b646f144ca6b3771fa62b711ebf7624"},
    {file = "Pillow-8.3.2-pp36-pypy36_pp73-manylinux_2_17_x86_64.manylinux2014_x86_64.whl", hash = "sha256:feb5db446e96bfecfec078b943cc07744cc759893cef045aa8b8b6d6aaa8274e"},
    {file = "Pillow-8.3.2-pp37-pypy37_pp73-macosx_10_10_x86_64.whl", hash = "sha256:fc0db32f7223b094964e71729c0361f93db43664dd1ec86d3df217853cedda87"},
    {file = "Pillow-8.3.2-pp37-pypy37_pp73-manylinux_2_12_i686.manylinux2010_i686.whl", hash = "sha256:fd4fd83aa912d7b89b4b4a1580d30e2a4242f3936882a3f433586e5ab97ed0d5"},
    {file = "Pillow-8.3.2-pp37-pypy37_pp73-manylinux_2_12_x86_64.manylinux2010_x86_64.whl", hash = "sha256:d0c8ebbfd439c37624db98f3877d9ed12c137cadd99dde2d2eae0dab0bbfc355"},
    {file = "Pillow-8.3.2-pp37-pypy37_pp73-manylinux_2_17_i686.manylinux2014_i686.whl", hash = "sha256:6cb3dd7f23b044b0737317f892d399f9e2f0b3a02b22b2c692851fb8120d82c6"},
    {file = "Pillow-8.3.2-pp37-pypy37_pp73-manylinux_2_17_x86_64.manylinux2014_x86_64.whl", hash = "sha256:a66566f8a22561fc1a88dc87606c69b84fa9ce724f99522cf922c801ec68f5c1"},
    {file = "Pillow-8.3.2-pp37-pypy37_pp73-win_amd64.whl", hash = "sha256:ce651ca46d0202c302a535d3047c55a0131a720cf554a578fc1b8a2aff0e7d96"},
    {file = "Pillow-8.3.2.tar.gz", hash = "sha256:dde3f3ed8d00c72631bc19cbfff8ad3b6215062a5eed402381ad365f82f0c18c"},
]
platformdirs = [
    {file = "platformdirs-2.4.0-py3-none-any.whl", hash = "sha256:8868bbe3c3c80d42f20156f22e7131d2fb321f5bc86a2a345375c6481a67021d"},
    {file = "platformdirs-2.4.0.tar.gz", hash = "sha256:367a5e80b3d04d2428ffa76d33f124cf11e8fff2acdaa9b43d545f5c7d661ef2"},
]
pluggy = [
    {file = "pluggy-1.0.0-py2.py3-none-any.whl", hash = "sha256:74134bbf457f031a36d68416e1509f34bd5ccc019f0bcc952c7b909d06b37bd3"},
    {file = "pluggy-1.0.0.tar.gz", hash = "sha256:4224373bacce55f955a878bf9cfa763c1e360858e330072059e10bad68531159"},
]
progressbar = [
    {file = "progressbar-2.5.tar.gz", hash = "sha256:5d81cb529da2e223b53962afd6c8ca0f05c6670e40309a7219eacc36af9b6c63"},
]
py = [
    {file = "py-1.10.0-py2.py3-none-any.whl", hash = "sha256:3b80836aa6d1feeaa108e046da6423ab8f6ceda6468545ae8d02d9d58d18818a"},
    {file = "py-1.10.0.tar.gz", hash = "sha256:21b81bda15b66ef5e1a777a21c4dcd9c20ad3efd0b3f817e7a809035269e1bd3"},
]
pyobjc-core = [
    {file = "pyobjc-core-7.3.tar.gz", hash = "sha256:5081aedf8bb40aac1a8ad95adac9e44e148a882686ded614adf46bb67fd67574"},
    {file = "pyobjc_core-7.3-cp310-cp310-macosx_10_9_universal2.whl", hash = "sha256:4e93ad769a20b908778fe950f62a843a6d8f0fa71996e5f3cc9fab5ae7d17771"},
    {file = "pyobjc_core-7.3-cp37-cp37m-macosx_10_9_x86_64.whl", hash = "sha256:9f63fd37bbf3785af4ddb2f86cad5ca81c62cfc7d1c0099637ca18343c3656c1"},
    {file = "pyobjc_core-7.3-cp38-cp38-macosx_10_9_x86_64.whl", hash = "sha256:e9b1311f72f2e170742a7ee3a8149f52c35158dc024a21e88d6f1e52ba5d718b"},
    {file = "pyobjc_core-7.3-cp39-cp39-macosx_10_9_universal2.whl", hash = "sha256:8d5e12a0729dfd1d998a861998b422d0a3e41923d75ea229bacf31372c831d7b"},
    {file = "pyobjc_core-7.3-cp39-cp39-macosx_10_9_x86_64.whl", hash = "sha256:efdee8c4884405e0c0186c57f87d7bfaa0abc1f50b18e865db3caea3a1f329b9"},
]
pyobjc-framework-cocoa = [
    {file = "pyobjc-framework-Cocoa-7.3.tar.gz", hash = "sha256:b18d05e7a795a3455ad191c3e43d6bfa673c2a4fd480bb1ccf57191051b80b7e"},
    {file = "pyobjc_framework_Cocoa-7.3-cp310-cp310-macosx_10_9_universal2.whl", hash = "sha256:9edffdfa6dd1f71f21b531c3e61fdd3e4d5d3bf6c5a528c98e88828cd60bac11"},
    {file = "pyobjc_framework_Cocoa-7.3-cp37-cp37m-macosx_10_9_x86_64.whl", hash = "sha256:35a6340437a4e0109a302150b7d1f6baf57004ccf74834f9e6062fcafe2fd8d7"},
    {file = "pyobjc_framework_Cocoa-7.3-cp38-cp38-macosx_10_9_x86_64.whl", hash = "sha256:7c3886f2608ab3ed02482f8b2ebf9f782b324c559e84b52cfd92dba8a1109872"},
    {file = "pyobjc_framework_Cocoa-7.3-cp39-cp39-macosx_10_9_universal2.whl", hash = "sha256:2e8e7a1a82cca21d9bfac9115baf065305f3da577bf240085964dfb9c9fff337"},
    {file = "pyobjc_framework_Cocoa-7.3-cp39-cp39-macosx_10_9_x86_64.whl", hash = "sha256:6c15f43077c9a2ba1853eb402ff7a9515df9e584315bc2fcb779d4c95ef46dc5"},
]
pyobjc-framework-quartz = [
    {file = "pyobjc-framework-Quartz-7.3.tar.gz", hash = "sha256:98812844c34262def980bdf60923a875cd43428a8375b6fd53bd2cd800eccf0b"},
    {file = "pyobjc_framework_Quartz-7.3-cp310-cp310-macosx_10_9_universal2.whl", hash = "sha256:1ef18f5a16511ded65980bf4f5983ea5d35c88224dbad1b3112abd29c60413ea"},
    {file = "pyobjc_framework_Quartz-7.3-cp37-cp37m-macosx_10_9_x86_64.whl", hash = "sha256:3b41eec8d4b10c7c7e011e2f9051367f5499ef315ba52dfbae573c3a2e05469c"},
    {file = "pyobjc_framework_Quartz-7.3-cp38-cp38-macosx_10_9_x86_64.whl", hash = "sha256:2c65456ed045dfe1711d0298734e5a3ad670f8c770f7eb3b19979256c388bdd2"},
    {file = "pyobjc_framework_Quartz-7.3-cp39-cp39-macosx_10_9_universal2.whl", hash = "sha256:8ddbca6b466584c3dc0e5b701b1c2a9b5d97ddc1d79a949927499ebb1be1f210"},
    {file = "pyobjc_framework_Quartz-7.3-cp39-cp39-macosx_10_9_x86_64.whl", hash = "sha256:7aba3cd966a0768dd58a35680742820f0c5ac596a9cd11014e2057818e65b0af"},
]
pyparsing = [
    {file = "pyparsing-2.4.7-py2.py3-none-any.whl", hash = "sha256:ef9d7589ef3c200abe66653d3f1ab1033c3c419ae9b9bdb1240a85b024efc88b"},
    {file = "pyparsing-2.4.7.tar.gz", hash = "sha256:c203ec8783bf771a155b207279b9bccb8dea02d8f0c9e5f8ead507bc3246ecc1"},
]
pytesseract = [
    {file = "pytesseract-0.3.8.tar.gz", hash = "sha256:6148a01e4375760862e8f56ea718e22b5d13b281454df46ea8dac9807793fc5a"},
]
pytest = [
    {file = "pytest-6.2.5-py3-none-any.whl", hash = "sha256:7310f8d27bc79ced999e760ca304d69f6ba6c6649c0b60fb0e04a4a77cacc134"},
    {file = "pytest-6.2.5.tar.gz", hash = "sha256:131b36680866a76e6781d13f101efb86cf674ebb9762eb70d3082b6f29889e89"},
]
regex = [
    {file = "regex-2021.10.8-cp310-cp310-macosx_10_9_x86_64.whl", hash = "sha256:981c786293a3115bc14c103086ae54e5ee50ca57f4c02ce7cf1b60318d1e8072"},
    {file = "regex-2021.10.8-cp310-cp310-manylinux_2_17_aarch64.manylinux2014_aarch64.whl", hash = "sha256:51feefd58ac38eb91a21921b047da8644155e5678e9066af7bcb30ee0dca7361"},
    {file = "regex-2021.10.8-cp310-cp310-manylinux_2_17_x86_64.manylinux2014_x86_64.whl", hash = "sha256:ea8de658d7db5987b11097445f2b1f134400e2232cb40e614e5f7b6f5428710e"},
    {file = "regex-2021.10.8-cp310-cp310-manylinux_2_5_i686.manylinux1_i686.manylinux_2_12_i686.manylinux2010_i686.whl", hash = "sha256:1ce02f420a7ec3b2480fe6746d756530f69769292eca363218c2291d0b116a01"},
    {file = "regex-2021.10.8-cp310-cp310-manylinux_2_5_i686.manylinux1_i686.manylinux_2_17_i686.manylinux2014_i686.whl", hash = "sha256:39079ebf54156be6e6902f5c70c078f453350616cfe7bfd2dd15bdb3eac20ccc"},
    {file = "regex-2021.10.8-cp310-cp310-manylinux_2_5_x86_64.manylinux1_x86_64.manylinux_2_12_x86_64.manylinux2010_x86_64.whl", hash = "sha256:ff24897f6b2001c38a805d53b6ae72267025878d35ea225aa24675fbff2dba7f"},
    {file = "regex-2021.10.8-cp310-cp310-win32.whl", hash = "sha256:c6569ba7b948c3d61d27f04e2b08ebee24fec9ff8e9ea154d8d1e975b175bfa7"},
    {file = "regex-2021.10.8-cp310-cp310-win_amd64.whl", hash = "sha256:45cb0f7ff782ef51bc79e227a87e4e8f24bc68192f8de4f18aae60b1d60bc152"},
    {file = "regex-2021.10.8-cp36-cp36m-macosx_10_9_x86_64.whl", hash = "sha256:fab3ab8aedfb443abb36729410403f0fe7f60ad860c19a979d47fb3eb98ef820"},
    {file = "regex-2021.10.8-cp36-cp36m-manylinux_2_17_aarch64.manylinux2014_aarch64.whl", hash = "sha256:74e55f8d66f1b41d44bc44c891bcf2c7fad252f8f323ee86fba99d71fd1ad5e3"},
    {file = "regex-2021.10.8-cp36-cp36m-manylinux_2_17_x86_64.manylinux2014_x86_64.whl", hash = "sha256:3d52c5e089edbdb6083391faffbe70329b804652a53c2fdca3533e99ab0580d9"},
    {file = "regex-2021.10.8-cp36-cp36m-manylinux_2_5_i686.manylinux1_i686.manylinux_2_12_i686.manylinux2010_i686.whl", hash = "sha256:1abbd95cbe9e2467cac65c77b6abd9223df717c7ae91a628502de67c73bf6838"},
    {file = "regex-2021.10.8-cp36-cp36m-manylinux_2_5_i686.manylinux1_i686.manylinux_2_17_i686.manylinux2014_i686.whl", hash = "sha256:b9b5c215f3870aa9b011c00daeb7be7e1ae4ecd628e9beb6d7e6107e07d81287"},
    {file = "regex-2021.10.8-cp36-cp36m-manylinux_2_5_x86_64.manylinux1_x86_64.manylinux_2_12_x86_64.manylinux2010_x86_64.whl", hash = "sha256:f540f153c4f5617bc4ba6433534f8916d96366a08797cbbe4132c37b70403e92"},
    {file = "regex-2021.10.8-cp36-cp36m-win32.whl", hash = "sha256:1f51926db492440e66c89cd2be042f2396cf91e5b05383acd7372b8cb7da373f"},
    {file = "regex-2021.10.8-cp36-cp36m-win_amd64.whl", hash = "sha256:5f55c4804797ef7381518e683249310f7f9646da271b71cb6b3552416c7894ee"},
    {file = "regex-2021.10.8-cp37-cp37m-macosx_10_9_x86_64.whl", hash = "sha256:fb2baff66b7d2267e07ef71e17d01283b55b3cc51a81b54cc385e721ae172ba4"},
    {file = "regex-2021.10.8-cp37-cp37m-manylinux_2_17_aarch64.manylinux2014_aarch64.whl", hash = "sha256:9e527ab1c4c7cf2643d93406c04e1d289a9d12966529381ce8163c4d2abe4faf"},
    {file = "regex-2021.10.8-cp37-cp37m-manylinux_2_17_x86_64.manylinux2014_x86_64.whl", hash = "sha256:36c98b013273e9da5790ff6002ab326e3f81072b4616fd95f06c8fa733d2745f"},
    {file = "regex-2021.10.8-cp37-cp37m-manylinux_2_5_i686.manylinux1_i686.manylinux_2_12_i686.manylinux2010_i686.whl", hash = "sha256:55ef044899706c10bc0aa052f2fc2e58551e2510694d6aae13f37c50f3f6ff61"},
    {file = "regex-2021.10.8-cp37-cp37m-manylinux_2_5_i686.manylinux1_i686.manylinux_2_17_i686.manylinux2014_i686.whl", hash = "sha256:aa0ab3530a279a3b7f50f852f1bab41bc304f098350b03e30a3876b7dd89840e"},
    {file = "regex-2021.10.8-cp37-cp37m-manylinux_2_5_x86_64.manylinux1_x86_64.manylinux_2_12_x86_64.manylinux2010_x86_64.whl", hash = "sha256:a37305eb3199d8f0d8125ec2fb143ba94ff6d6d92554c4b8d4a8435795a6eccd"},
    {file = "regex-2021.10.8-cp37-cp37m-win32.whl", hash = "sha256:2efd47704bbb016136fe34dfb74c805b1ef5c7313aef3ce6dcb5ff844299f432"},
    {file = "regex-2021.10.8-cp37-cp37m-win_amd64.whl", hash = "sha256:924079d5590979c0e961681507eb1773a142553564ccae18d36f1de7324e71ca"},
    {file = "regex-2021.10.8-cp38-cp38-macosx_10_9_x86_64.whl", hash = "sha256:b09d3904bf312d11308d9a2867427479d277365b1617e48ad09696fa7dfcdf59"},
    {file = "regex-2021.10.8-cp38-cp38-manylinux_2_17_aarch64.manylinux2014_aarch64.whl", hash = "sha256:7f125fce0a0ae4fd5c3388d369d7a7d78f185f904c90dd235f7ecf8fe13fa741"},
    {file = "regex-2021.10.8-cp38-cp38-manylinux_2_17_x86_64.manylinux2014_x86_64.whl", hash = "sha256:5f199419a81c1016e0560c39773c12f0bd924c37715bffc64b97140d2c314354"},
    {file = "regex-2021.10.8-cp38-cp38-manylinux_2_5_i686.manylinux1_i686.manylinux_2_12_i686.manylinux2010_i686.whl", hash = "sha256:09e1031e2059abd91177c302da392a7b6859ceda038be9e015b522a182c89e4f"},
    {file = "regex-2021.10.8-cp38-cp38-manylinux_2_5_i686.manylinux1_i686.manylinux_2_17_i686.manylinux2014_i686.whl", hash = "sha256:9c070d5895ac6aeb665bd3cd79f673775caf8d33a0b569e98ac434617ecea57d"},
    {file = "regex-2021.10.8-cp38-cp38-manylinux_2_5_x86_64.manylinux1_x86_64.manylinux_2_12_x86_64.manylinux2010_x86_64.whl", hash = "sha256:176796cb7f82a7098b0c436d6daac82f57b9101bb17b8e8119c36eecf06a60a3"},
    {file = "regex-2021.10.8-cp38-cp38-win32.whl", hash = "sha256:5e5796d2f36d3c48875514c5cd9e4325a1ca172fc6c78b469faa8ddd3d770593"},
    {file = "regex-2021.10.8-cp38-cp38-win_amd64.whl", hash = "sha256:e4204708fa116dd03436a337e8e84261bc8051d058221ec63535c9403a1582a1"},
    {file = "regex-2021.10.8-cp39-cp39-macosx_10_9_x86_64.whl", hash = "sha256:b8b6ee6555b6fbae578f1468b3f685cdfe7940a65675611365a7ea1f8d724991"},
    {file = "regex-2021.10.8-cp39-cp39-manylinux_2_17_aarch64.manylinux2014_aarch64.whl", hash = "sha256:973499dac63625a5ef9dfa4c791aa33a502ddb7615d992bdc89cf2cc2285daa3"},
    {file = "regex-2021.10.8-cp39-cp39-manylinux_2_17_x86_64.manylinux2014_x86_64.whl", hash = "sha256:88dc3c1acd3f0ecfde5f95c32fcb9beda709dbdf5012acdcf66acbc4794468eb"},
    {file = "regex-2021.10.8-cp39-cp39-manylinux_2_5_i686.manylinux1_i686.manylinux_2_12_i686.manylinux2010_i686.whl", hash = "sha256:4786dae85c1f0624ac77cb3813ed99267c9adb72e59fdc7297e1cf4d6036d493"},
    {file = "regex-2021.10.8-cp39-cp39-manylinux_2_5_i686.manylinux1_i686.manylinux_2_17_i686.manylinux2014_i686.whl", hash = "sha256:fe6ce4f3d3c48f9f402da1ceb571548133d3322003ce01b20d960a82251695d2"},
    {file = "regex-2021.10.8-cp39-cp39-manylinux_2_5_x86_64.manylinux1_x86_64.manylinux_2_12_x86_64.manylinux2010_x86_64.whl", hash = "sha256:9e3e2cea8f1993f476a6833ef157f5d9e8c75a59a8d8b0395a9a6887a097243b"},
    {file = "regex-2021.10.8-cp39-cp39-win32.whl", hash = "sha256:82cfb97a36b1a53de32b642482c6c46b6ce80803854445e19bc49993655ebf3b"},
    {file = "regex-2021.10.8-cp39-cp39-win_amd64.whl", hash = "sha256:b04e512eb628ea82ed86eb31c0f7fc6842b46bf2601b66b1356a7008327f7700"},
    {file = "regex-2021.10.8.tar.gz", hash = "sha256:26895d7c9bbda5c52b3635ce5991caa90fbb1ddfac9c9ff1c7ce505e2282fb2a"},
]
toml = [
    {file = "toml-0.10.2-py2.py3-none-any.whl", hash = "sha256:806143ae5bfb6a3c6e736a764057db0e6a0e05e338b5630894a5f779cabb4f9b"},
    {file = "toml-0.10.2.tar.gz", hash = "sha256:b3bda1d108d5dd99f4a20d24d9c348e91c4db7ab1b749200bded2f839ccbe68f"},
]
tomli = [
    {file = "tomli-1.2.1-py3-none-any.whl", hash = "sha256:8dd0e9524d6f386271a36b41dbf6c57d8e32fd96fd22b6584679dc569d20899f"},
    {file = "tomli-1.2.1.tar.gz", hash = "sha256:a5b75cb6f3968abb47af1b40c1819dc519ea82bcc065776a866e8d74c5ca9442"},
]
typing-extensions = [
    {file = "typing_extensions-3.10.0.2-py2-none-any.whl", hash = "sha256:d8226d10bc02a29bcc81df19a26e56a9647f8b0a6d4a83924139f4a8b01f17b7"},
    {file = "typing_extensions-3.10.0.2-py3-none-any.whl", hash = "sha256:f1d25edafde516b146ecd0613dabcc61409817af4766fbbcfb8d1ad4ec441a34"},
    {file = "typing_extensions-3.10.0.2.tar.gz", hash = "sha256:49f75d16ff11f1cd258e1b988ccff82a3ca5570217d7ad8c5f48205dd99a677e"},
]
